
Microsoft Visual Studio Solution File, Format Version 12.00
# Visual Studio 14
VisualStudioVersion = 14.0.25420.1
MinimumVisualStudioVersion = 10.0.40219.1
Project("{FAE04EC0-301F-11D3-BF4B-00C04F79EFBC}") = "DevilsGarden.Plugins", "DevilsGarden.Plugins.csproj", "{63576ABA-4A40-934C-D330-C7D17E72811A}"
EndProject
Project("{FAE04EC0-301F-11D3-BF4B-00C04F79EFBC}") = "DevilsGarden", "DevilsGarden.csproj", "{805F989A-522D-4278-8071-23B86F6C41DA}"
EndProject
Global
	GlobalSection(SolutionConfigurationPlatforms) = preSolution
		Debug|Any CPU = Debug|Any CPU
		Release|Any CPU = Release|Any CPU
	EndGlobalSection
	GlobalSection(ProjectConfigurationPlatforms) = postSolution
		{63576ABA-4A40-934C-D330-C7D17E72811A}.Debug|Any CPU.ActiveCfg = Debug|Any CPU
		{63576ABA-4A40-934C-D330-C7D17E72811A}.Debug|Any CPU.Build.0 = Debug|Any CPU
		{63576ABA-4A40-934C-D330-C7D17E72811A}.Release|Any CPU.ActiveCfg = Release|Any CPU
		{63576ABA-4A40-934C-D330-C7D17E72811A}.Release|Any CPU.Build.0 = Release|Any CPU
		{805F989A-522D-4278-8071-23B86F6C41DA}.Debug|Any CPU.ActiveCfg = Debug|Any CPU
		{805F989A-522D-4278-8071-23B86F6C41DA}.Debug|Any CPU.Build.0 = Debug|Any CPU
		{805F989A-522D-4278-8071-23B86F6C41DA}.Release|Any CPU.ActiveCfg = Release|Any CPU
		{805F989A-522D-4278-8071-23B86F6C41DA}.Release|Any CPU.Build.0 = Release|Any CPU
	EndGlobalSection
	GlobalSection(SolutionProperties) = preSolution
		HideSolutionNode = FALSE
	EndGlobalSection
EndGlobal
